
Microsoft Visual Studio Solution File, Format Version 12.00
# Visual Studio Version 17
VisualStudioVersion = 17.1.32328.378
MinimumVisualStudioVersion = 10.0.40219.1
Project("{FAE04EC0-301F-11D3-BF4B-00C04F79EFBC}") = "Lab1", "Lab1\Lab1.csproj", "{D9E30E72-C92F-4D84-B919-DDC8924F1D19}"
EndProject
Global
	GlobalSection(SolutionConfigurationPlatforms) = preSolution
		Debug|Any CPU = Debug|Any CPU
		Release|Any CPU = Release|Any CPU
	EndGlobalSection
	GlobalSection(ProjectConfigurationPlatforms) = postSolution
		{D9E30E72-C92F-4D84-B919-DDC8924F1D19}.Debug|Any CPU.ActiveCfg = Debug|Any CPU
		{D9E30E72-C92F-4D84-B919-DDC8924F1D19}.Debug|Any CPU.Build.0 = Debug|Any CPU
		{D9E30E72-C92F-4D84-B919-DDC8924F1D19}.Release|Any CPU.ActiveCfg = Release|Any CPU
		{D9E30E72-C92F-4D84-B919-DDC8924F1D19}.Release|Any CPU.Build.0 = Release|Any CPU
	EndGlobalSection
	GlobalSection(SolutionProperties) = preSolution
		HideSolutionNode = FALSE
	EndGlobalSection
	GlobalSection(ExtensibilityGlobals) = postSolution
		SolutionGuid = {F456490E-3899-495A-8C61-26B73BBEA62E}
	EndGlobalSection
EndGlobal
